
Microsoft Visual Studio Solution File, Format Version 12.00
# Visual Studio Version 16
VisualStudioVersion = 16.0.28803.202
MinimumVisualStudioVersion = 10.0.40219.1
Project("{9A19103F-16F7-4668-BE54-9A1E7A4F7556}") = "FSEcoRouteSolver", "FSEcoRouteSolver\FSEcoRouteSolver.csproj", "{02133A72-4655-4194-8DD7-C414A898F3B8}"
EndProject
Project("{9A19103F-16F7-4668-BE54-9A1E7A4F7556}") = "FSEcoRouteSolver.Tests", "FSEcoRouteSolver.Tests\FSEcoRouteSolver.Tests.csproj", "{5EA71B9E-416E-46CA-8472-F0817D90EB28}"
EndProject
Global
	GlobalSection(SolutionConfigurationPlatforms) = preSolution
		Debug|Any CPU = Debug|Any CPU
		Debug|x64 = Debug|x64
		Release|Any CPU = Release|Any CPU
		Release|x64 = Release|x64
	EndGlobalSection
	GlobalSection(ProjectConfigurationPlatforms) = postSolution
		{02133A72-4655-4194-8DD7-C414A898F3B8}.Debug|Any CPU.ActiveCfg = Debug|Any CPU
		{02133A72-4655-4194-8DD7-C414A898F3B8}.Debug|Any CPU.Build.0 = Debug|Any CPU
		{02133A72-4655-4194-8DD7-C414A898F3B8}.Debug|x64.ActiveCfg = Debug|Any CPU
		{02133A72-4655-4194-8DD7-C414A898F3B8}.Debug|x64.Build.0 = Debug|Any CPU
		{02133A72-4655-4194-8DD7-C414A898F3B8}.Release|Any CPU.ActiveCfg = Release|Any CPU
		{02133A72-4655-4194-8DD7-C414A898F3B8}.Release|Any CPU.Build.0 = Release|Any CPU
		{02133A72-4655-4194-8DD7-C414A898F3B8}.Release|x64.ActiveCfg = Release|Any CPU
		{02133A72-4655-4194-8DD7-C414A898F3B8}.Release|x64.Build.0 = Release|Any CPU
		{5EA71B9E-416E-46CA-8472-F0817D90EB28}.Debug|Any CPU.ActiveCfg = Debug|Any CPU
		{5EA71B9E-416E-46CA-8472-F0817D90EB28}.Debug|Any CPU.Build.0 = Debug|Any CPU
		{5EA71B9E-416E-46CA-8472-F0817D90EB28}.Debug|x64.ActiveCfg = Debug|Any CPU
		{5EA71B9E-416E-46CA-8472-F0817D90EB28}.Debug|x64.Build.0 = Debug|Any CPU
		{5EA71B9E-416E-46CA-8472-F0817D90EB28}.Release|Any CPU.ActiveCfg = Release|Any CPU
		{5EA71B9E-416E-46CA-8472-F0817D90EB28}.Release|Any CPU.Build.0 = Release|Any CPU
		{5EA71B9E-416E-46CA-8472-F0817D90EB28}.Release|x64.ActiveCfg = Release|Any CPU
		{5EA71B9E-416E-46CA-8472-F0817D90EB28}.Release|x64.Build.0 = Release|Any CPU
	EndGlobalSection
	GlobalSection(SolutionProperties) = preSolution
		HideSolutionNode = FALSE
	EndGlobalSection
	GlobalSection(ExtensibilityGlobals) = postSolution
		SolutionGuid = {4C065428-C7A3-4283-8349-63389849913C}
	EndGlobalSection
EndGlobal
